PODS:
  - Alamofire (5.6.4)
  - EasyTipView (2.1.0)
  - IQKeyboardManagerSwift (6.5.11)
  - lottie-ios (4.1.3)
  - MonnifyiOSSDK (0.2.5):
    - Alamofire
    - EasyTipView
    - IQKeyboardManagerSwift
    - lottie-ios
    - StompClientLib
    - SwiftyJSON
  - SocketRocket (0.6.0)
  - StompClientLib (1.4.1):
    - SocketRocket
  - SwiftyJSON (5.0.1)

DEPENDENCIES:
  - MonnifyiOSSDK

SPEC REPOS:
  trunk:
    - Alamofire
    - EasyTipView
    - IQKeyboardManagerSwift
    - lottie-ios
    - MonnifyiOSSDK
    - SocketRocket
    - StompClientLib
    - SwiftyJSON

SPEC CHECKSUMS:
  Alamofire: 4e95d97098eacb88856099c4fc79b526a299e48c
  EasyTipView: a92b6edc377b81c5ac18e9fd35d5ee78e9409488
  IQKeyboardManagerSwift: c7955c0bdbf7b2eb29bb7daaa44e3d90f55a9a85
  lottie-ios: d0954d3150061f662ed0adf96ef98d7421864c47
  MonnifyiOSSDK: d9019057a7bf1f3c3002ab3b5f6761e2185a725c
  SocketRocket: fccef3f9c5cedea1353a9ef6ada904fde10d6608
  StompClientLib: ac40390e9660c574675f1c933bec81c8e2811a4f
  SwiftyJSON: 2f33a42c6fbc52764d96f13368585094bfd8aa5e

PODFILE CHECKSUM: 728e25d62040c824a107d9974cbd8ca670a1d46d

COCOAPODS: 1.11.3
